
Microsoft Visual Studio Solution File, Format Version 12.00
# Visual Studio Version 17
VisualStudioVersion = 17.4.33205.214
MinimumVisualStudioVersion = 10.0.40219.1
Project("{9A19103F-16F7-4668-BE54-9A1E7A4F7556}") = "ET_Project1", "ET_Project1_INFO5125\ET_Project1.csproj", "{7872AAA3-9387-453F-A698-40E4C92F4ADC}"
EndProject
Global
	GlobalSection(SolutionConfigurationPlatforms) = preSolution
		Debug|Any CPU = Debug|Any CPU
		Release|Any CPU = Release|Any CPU
	EndGlobalSection
	GlobalSection(ProjectConfigurationPlatforms) = postSolution
		{7872AAA3-9387-453F-A698-40E4C92F4ADC}.Debug|Any CPU.ActiveCfg = Debug|Any CPU
		{7872AAA3-9387-453F-A698-40E4C92F4ADC}.Debug|Any CPU.Build.0 = Debug|Any CPU
		{7872AAA3-9387-453F-A698-40E4C92F4ADC}.Release|Any CPU.ActiveCfg = Release|Any CPU
		{7872AAA3-9387-453F-A698-40E4C92F4ADC}.Release|Any CPU.Build.0 = Release|Any CPU
	EndGlobalSection
	GlobalSection(SolutionProperties) = preSolution
		HideSolutionNode = FALSE
	EndGlobalSection
	GlobalSection(ExtensibilityGlobals) = postSolution
		SolutionGuid = {C97637DE-8122-4707-8010-11DFC25ADF2E}
	EndGlobalSection
EndGlobal
